
Microsoft Visual Studio Solution File, Format Version 12.00
# Visual Studio Version 17
VisualStudioVersion = 17.11.35219.272
MinimumVisualStudioVersion = 10.0.40219.1
Project("{FAE04EC0-301F-11D3-BF4B-00C04F79EFBC}") = "proxy_pattern", "proxy_pattern\proxy_pattern.csproj", "{29F3032F-D8F6-4A57-8DE9-A3AA5D482A6F}"
EndProject
Global
	GlobalSection(SolutionConfigurationPlatforms) = preSolution
		Debug|Any CPU = Debug|Any CPU
		Release|Any CPU = Release|Any CPU
	EndGlobalSection
	GlobalSection(ProjectConfigurationPlatforms) = postSolution
		{29F3032F-D8F6-4A57-8DE9-A3AA5D482A6F}.Debug|Any CPU.ActiveCfg = Debug|Any CPU
		{29F3032F-D8F6-4A57-8DE9-A3AA5D482A6F}.Debug|Any CPU.Build.0 = Debug|Any CPU
		{29F3032F-D8F6-4A57-8DE9-A3AA5D482A6F}.Release|Any CPU.ActiveCfg = Release|Any CPU
		{29F3032F-D8F6-4A57-8DE9-A3AA5D482A6F}.Release|Any CPU.Build.0 = Release|Any CPU
	EndGlobalSection
	GlobalSection(SolutionProperties) = preSolution
		HideSolutionNode = FALSE
	EndGlobalSection
	GlobalSection(ExtensibilityGlobals) = postSolution
		SolutionGuid = {FAD3DD74-C94D-41CD-893A-04F481C8BD08}
	EndGlobalSection
EndGlobal
