
Microsoft Visual Studio Solution File, Format Version 12.00
# Visual Studio Version 17
VisualStudioVersion = 17.11.35219.272
MinimumVisualStudioVersion = 10.0.40219.1
Project("{FAE04EC0-301F-11D3-BF4B-00C04F79EFBC}") = "abstract_fctory", "abstract_fctory\abstract_fctory.csproj", "{80F96BAC-B2C6-4807-ADAF-EAAAD7701D13}"
EndProject
Global
	GlobalSection(SolutionConfigurationPlatforms) = preSolution
		Debug|Any CPU = Debug|Any CPU
		Release|Any CPU = Release|Any CPU
	EndGlobalSection
	GlobalSection(ProjectConfigurationPlatforms) = postSolution
		{80F96BAC-B2C6-4807-ADAF-EAAAD7701D13}.Debug|Any CPU.ActiveCfg = Debug|Any CPU
		{80F96BAC-B2C6-4807-ADAF-EAAAD7701D13}.Debug|Any CPU.Build.0 = Debug|Any CPU
		{80F96BAC-B2C6-4807-ADAF-EAAAD7701D13}.Release|Any CPU.ActiveCfg = Release|Any CPU
		{80F96BAC-B2C6-4807-ADAF-EAAAD7701D13}.Release|Any CPU.Build.0 = Release|Any CPU
	EndGlobalSection
	GlobalSection(SolutionProperties) = preSolution
		HideSolutionNode = FALSE
	EndGlobalSection
	GlobalSection(ExtensibilityGlobals) = postSolution
		SolutionGuid = {3674C652-B0AD-4CA4-B052-3E737F811E71}
	EndGlobalSection
EndGlobal
