
Microsoft Visual Studio Solution File, Format Version 12.00
# Visual Studio Version 17
VisualStudioVersion = 17.11.35219.272
MinimumVisualStudioVersion = 10.0.40219.1
Project("{FAE04EC0-301F-11D3-BF4B-00C04F79EFBC}") = "composite_pattern", "composite_pattern\composite_pattern.csproj", "{9862B925-4C9A-475D-BEFF-58C6D4F12105}"
EndProject
Global
	GlobalSection(SolutionConfigurationPlatforms) = preSolution
		Debug|Any CPU = Debug|Any CPU
		Release|Any CPU = Release|Any CPU
	EndGlobalSection
	GlobalSection(ProjectConfigurationPlatforms) = postSolution
		{9862B925-4C9A-475D-BEFF-58C6D4F12105}.Debug|Any CPU.ActiveCfg = Debug|Any CPU
		{9862B925-4C9A-475D-BEFF-58C6D4F12105}.Debug|Any CPU.Build.0 = Debug|Any CPU
		{9862B925-4C9A-475D-BEFF-58C6D4F12105}.Release|Any CPU.ActiveCfg = Release|Any CPU
		{9862B925-4C9A-475D-BEFF-58C6D4F12105}.Release|Any CPU.Build.0 = Release|Any CPU
	EndGlobalSection
	GlobalSection(SolutionProperties) = preSolution
		HideSolutionNode = FALSE
	EndGlobalSection
	GlobalSection(ExtensibilityGlobals) = postSolution
		SolutionGuid = {AA5308FF-13E7-4906-BB97-B74527AE94CF}
	EndGlobalSection
EndGlobal
