
Microsoft Visual Studio Solution File, Format Version 12.00
# Visual Studio Version 17
VisualStudioVersion = 17.11.35219.272
MinimumVisualStudioVersion = 10.0.40219.1
Project("{FAE04EC0-301F-11D3-BF4B-00C04F79EFBC}") = "command_pattern", "command_pattern\command_pattern.csproj", "{6A862D87-575C-4E01-A072-ACD050D8C44A}"
EndProject
Global
	GlobalSection(SolutionConfigurationPlatforms) = preSolution
		Debug|Any CPU = Debug|Any CPU
		Release|Any CPU = Release|Any CPU
	EndGlobalSection
	GlobalSection(ProjectConfigurationPlatforms) = postSolution
		{6A862D87-575C-4E01-A072-ACD050D8C44A}.Debug|Any CPU.ActiveCfg = Debug|Any CPU
		{6A862D87-575C-4E01-A072-ACD050D8C44A}.Debug|Any CPU.Build.0 = Debug|Any CPU
		{6A862D87-575C-4E01-A072-ACD050D8C44A}.Release|Any CPU.ActiveCfg = Release|Any CPU
		{6A862D87-575C-4E01-A072-ACD050D8C44A}.Release|Any CPU.Build.0 = Release|Any CPU
	EndGlobalSection
	GlobalSection(SolutionProperties) = preSolution
		HideSolutionNode = FALSE
	EndGlobalSection
	GlobalSection(ExtensibilityGlobals) = postSolution
		SolutionGuid = {AD56370E-827C-41AE-A82A-FFDF7AE479EC}
	EndGlobalSection
EndGlobal
