
Microsoft Visual Studio Solution File, Format Version 12.00
# Visual Studio Version 17
VisualStudioVersion = 17.5.33627.172
MinimumVisualStudioVersion = 10.0.40219.1
Project("{FAE04EC0-301F-11D3-BF4B-00C04F79EFBC}") = "Bridge", "Bridge\Bridge.csproj", "{340B19D1-56AD-438D-8677-AAB6BA2C52C2}"
EndProject
Global
	GlobalSection(SolutionConfigurationPlatforms) = preSolution
		Debug|Any CPU = Debug|Any CPU
		Release|Any CPU = Release|Any CPU
	EndGlobalSection
	GlobalSection(ProjectConfigurationPlatforms) = postSolution
		{340B19D1-56AD-438D-8677-AAB6BA2C52C2}.Debug|Any CPU.ActiveCfg = Debug|Any CPU
		{340B19D1-56AD-438D-8677-AAB6BA2C52C2}.Debug|Any CPU.Build.0 = Debug|Any CPU
		{340B19D1-56AD-438D-8677-AAB6BA2C52C2}.Release|Any CPU.ActiveCfg = Release|Any CPU
		{340B19D1-56AD-438D-8677-AAB6BA2C52C2}.Release|Any CPU.Build.0 = Release|Any CPU
	EndGlobalSection
	GlobalSection(SolutionProperties) = preSolution
		HideSolutionNode = FALSE
	EndGlobalSection
	GlobalSection(ExtensibilityGlobals) = postSolution
		SolutionGuid = {46FEB006-F1A0-4109-8DAC-360DE2B5C182}
	EndGlobalSection
EndGlobal
