
Microsoft Visual Studio Solution File, Format Version 12.00
# Visual Studio Version 17
VisualStudioVersion = 17.11.35219.272
MinimumVisualStudioVersion = 10.0.40219.1
Project("{FAE04EC0-301F-11D3-BF4B-00C04F79EFBC}") = "factory_method", "factory_method\factory_method.csproj", "{6F732D85-A75F-4CF0-831D-72DB78D21291}"
EndProject
Global
	GlobalSection(SolutionConfigurationPlatforms) = preSolution
		Debug|Any CPU = Debug|Any CPU
		Release|Any CPU = Release|Any CPU
	EndGlobalSection
	GlobalSection(ProjectConfigurationPlatforms) = postSolution
		{6F732D85-A75F-4CF0-831D-72DB78D21291}.Debug|Any CPU.ActiveCfg = Debug|Any CPU
		{6F732D85-A75F-4CF0-831D-72DB78D21291}.Debug|Any CPU.Build.0 = Debug|Any CPU
		{6F732D85-A75F-4CF0-831D-72DB78D21291}.Release|Any CPU.ActiveCfg = Release|Any CPU
		{6F732D85-A75F-4CF0-831D-72DB78D21291}.Release|Any CPU.Build.0 = Release|Any CPU
	EndGlobalSection
	GlobalSection(SolutionProperties) = preSolution
		HideSolutionNode = FALSE
	EndGlobalSection
	GlobalSection(ExtensibilityGlobals) = postSolution
		SolutionGuid = {FF9C76AB-6C25-437C-BD02-20AA39959770}
	EndGlobalSection
EndGlobal
